// !$*UTF8*$!
{
	archiveVersion = 1;
	classes = {
	};
	objectVersion = 55;
	objects = {

/* Begin PBXBuildFile section */
		40019F0728C9E77C00EE6A9B /* UpcomingVCViewModel.swift in Sources */ = {isa = PBXBuildFile; fileRef = 40019F0628C9E77C00EE6A9B /* UpcomingVCViewModel.swift */; };
		40019F0928C9EFB400EE6A9B /* MovieListTableViewCell.swift in Sources */ = {isa = PBXBuildFile; fileRef = 40019F0828C9EFB400EE6A9B /* MovieListTableViewCell.swift */; };
		40019F0D28CB520B00EE6A9B /* SearchVCViewModel.swift in Sources */ = {isa = PBXBuildFile; fileRef = 40019F0C28CB520B00EE6A9B /* SearchVCViewModel.swift */; };
		40019F0F28CF2A4A00EE6A9B /* SearchResultsViewController.swift in Sources */ = {isa = PBXBuildFile; fileRef = 40019F0E28CF2A4A00EE6A9B /* SearchResultsViewController.swift */; };
		40019F1128CF309300EE6A9B /* SearchResultsViewModel.swift in Sources */ = {isa = PBXBuildFile; fileRef = 40019F1028CF309300EE6A9B /* SearchResultsViewModel.swift */; };
		4003A85628C72AB400A96929 /* HomeVCViewModel.swift in Sources */ = {isa = PBXBuildFile; fileRef = 4003A85528C72AB400A96929 /* HomeVCViewModel.swift */; };
		40818F8C28BE01A400328750 /* AppDelegate.swift in Sources */ = {isa = PBXBuildFile; fileRef = 40818F8B28BE01A400328750 /* AppDelegate.swift */; };
		40818F8E28BE01A400328750 /* SceneDelegate.swift in Sources */ = {isa = PBXBuildFile; fileRef = 40818F8D28BE01A400328750 /* SceneDelegate.swift */; };
		40818F9028BE01A400328750 /* MainTabBarVC.swift in Sources */ = {isa = PBXBuildFile; fileRef = 40818F8F28BE01A400328750 /* MainTabBarVC.swift */; };
		40818F9628BE01A400328750 /* NetflixClone.xcdatamodeld in Sources */ = {isa = PBXBuildFile; fileRef = 40818F9428BE01A400328750 /* NetflixClone.xcdatamodeld */; };
		40818F9828BE01A600328750 /* Assets.xcassets in Resources */ = {isa = PBXBuildFile; fileRef = 40818F9728BE01A600328750 /* Assets.xcassets */; };
		40818F9B28BE01A600328750 /* LaunchScreen.storyboard in Resources */ = {isa = PBXBuildFile; fileRef = 40818F9928BE01A600328750 /* LaunchScreen.storyboard */; };
		408A994A28C49BF400335713 /* String+CapitalizeFirstLetter.swift in Sources */ = {isa = PBXBuildFile; fileRef = 408A994928C49BF400335713 /* String+CapitalizeFirstLetter.swift */; };
		408A994C28C6582F00335713 /* MovieCollectionViewCell.swift in Sources */ = {isa = PBXBuildFile; fileRef = 408A994B28C6582F00335713 /* MovieCollectionViewCell.swift */; };
		4096728F28BE377D005E1FC9 /* HomeVC.swift in Sources */ = {isa = PBXBuildFile; fileRef = 4096728E28BE377D005E1FC9 /* HomeVC.swift */; };
		4096729128BE378D005E1FC9 /* UpcomingVC.swift in Sources */ = {isa = PBXBuildFile; fileRef = 4096729028BE378D005E1FC9 /* UpcomingVC.swift */; };
		4096729328BE3799005E1FC9 /* SearchVC.swift in Sources */ = {isa = PBXBuildFile; fileRef = 4096729228BE3799005E1FC9 /* SearchVC.swift */; };
		4096729528BE37A7005E1FC9 /* DownloadsVC.swift in Sources */ = {isa = PBXBuildFile; fileRef = 4096729428BE37A7005E1FC9 /* DownloadsVC.swift */; };
		4096729828BE3BE7005E1FC9 /* SnapKit in Frameworks */ = {isa = PBXBuildFile; productRef = 4096729728BE3BE7005E1FC9 /* SnapKit */; };
		409672A128BE3FB9005E1FC9 /* SectionTableViewCell.swift in Sources */ = {isa = PBXBuildFile; fileRef = 409672A028BE3FB9005E1FC9 /* SectionTableViewCell.swift */; };
		40A5546228C0A881002630A6 /* HeaderView.swift in Sources */ = {isa = PBXBuildFile; fileRef = 40A5546128C0A881002630A6 /* HeaderView.swift */; };
		40A5546428C23989002630A6 /* NetworkService.swift in Sources */ = {isa = PBXBuildFile; fileRef = 40A5546328C23989002630A6 /* NetworkService.swift */; };
		40B3636028C373AB00C42551 /* Movie.swift in Sources */ = {isa = PBXBuildFile; fileRef = 40B3635F28C373AB00C42551 /* Movie.swift */; };
		40CF856528C65A3A000FE362 /* SDWebImage in Frameworks */ = {isa = PBXBuildFile; productRef = 40CF856428C65A3A000FE362 /* SDWebImage */; };
		40CF856728C65A3A000FE362 /* SDWebImageMapKit in Frameworks */ = {isa = PBXBuildFile; productRef = 40CF856628C65A3A000FE362 /* SDWebImageMapKit */; };
/* End PBXBuildFile section */

/* Begin PBXFileReference section */
		40019F0628C9E77C00EE6A9B /* UpcomingVCViewModel.swift */ = {isa = PBXFileReference; lastKnownFileType = sourcecode.swift; path = UpcomingVCViewModel.swift; sourceTree = "<group>"; };
		40019F0828C9EFB400EE6A9B /* MovieListTableViewCell.swift */ = {isa = PBXFileReference; lastKnownFileType = sourcecode.swift; path = MovieListTableViewCell.swift; sourceTree = "<group>"; };
		40019F0C28CB520B00EE6A9B /* SearchVCViewModel.swift */ = {isa = PBXFileReference; lastKnownFileType = sourcecode.swift; path = SearchVCViewModel.swift; sourceTree = "<group>"; };
		40019F0E28CF2A4A00EE6A9B /* SearchResultsViewController.swift */ = {isa = PBXFileReference; lastKnownFileType = sourcecode.swift; path = SearchResultsViewController.swift; sourceTree = "<group>"; };
		40019F1028CF309300EE6A9B /* SearchResultsViewModel.swift */ = {isa = PBXFileReference; lastKnownFileType = sourcecode.swift; path = SearchResultsViewModel.swift; sourceTree = "<group>"; };
		4003A85528C72AB400A96929 /* HomeVCViewModel.swift */ = {isa = PBXFileReference; lastKnownFileType = sourcecode.swift; path = HomeVCViewModel.swift; sourceTree = "<group>"; };
		40818F8828BE01A400328750 /* NetflixClone.app */ = {isa = PBXFileReference; explicitFileType = wrapper.application; includeInIndex = 0; path = NetflixClone.app; sourceTree = BUILT_PRODUCTS_DIR; };
		40818F8B28BE01A400328750 /* AppDelegate.swift */ = {isa = PBXFileReference; lastKnownFileType = sourcecode.swift; path = AppDelegate.swift; sourceTree = "<group>"; };
		40818F8D28BE01A400328750 /* SceneDelegate.swift */ = {isa = PBXFileReference; lastKnownFileType = sourcecode.swift; path = SceneDelegate.swift; sourceTree = "<group>"; };
		40818F8F28BE01A400328750 /* MainTabBarVC.swift */ = {isa = PBXFileReference; lastKnownFileType = sourcecode.swift; path = MainTabBarVC.swift; sourceTree = "<group>"; };
		40818F9528BE01A400328750 /* NetflixClone.xcdatamodel */ = {isa = PBXFileReference; lastKnownFileType = wrapper.xcdatamodel; path = NetflixClone.xcdatamodel; sourceTree = "<group>"; };
		40818F9728BE01A600328750 /* Assets.xcassets */ = {isa = PBXFileReference; lastKnownFileType = folder.assetcatalog; path = Assets.xcassets; sourceTree = "<group>"; };
		40818F9A28BE01A600328750 /* Base */ = {isa = PBXFileReference; lastKnownFileType = file.storyboard; name = Base; path = Base.lproj/LaunchScreen.storyboard; sourceTree = "<group>"; };
		40818F9C28BE01A600328750 /* Info.plist */ = {isa = PBXFileReference; lastKnownFileType = text.plist.xml; path = Info.plist; sourceTree = "<group>"; };
		408A994928C49BF400335713 /* String+CapitalizeFirstLetter.swift */ = {isa = PBXFileReference; lastKnownFileType = sourcecode.swift; path = "String+CapitalizeFirstLetter.swift"; sourceTree = "<group>"; };
		408A994B28C6582F00335713 /* MovieCollectionViewCell.swift */ = {isa = PBXFileReference; lastKnownFileType = sourcecode.swift; path = MovieCollectionViewCell.swift; sourceTree = "<group>"; };
		4096728E28BE377D005E1FC9 /* HomeVC.swift */ = {isa = PBXFileReference; lastKnownFileType = sourcecode.swift; path = HomeVC.swift; sourceTree = "<group>"; };
		4096729028BE378D005E1FC9 /* UpcomingVC.swift */ = {isa = PBXFileReference; lastKnownFileType = sourcecode.swift; path = UpcomingVC.swift; sourceTree = "<group>"; };
		4096729228BE3799005E1FC9 /* SearchVC.swift */ = {isa = PBXFileReference; lastKnownFileType = sourcecode.swift; path = SearchVC.swift; sourceTree = "<group>"; };
		4096729428BE37A7005E1FC9 /* DownloadsVC.swift */ = {isa = PBXFileReference; lastKnownFileType = sourcecode.swift; path = DownloadsVC.swift; sourceTree = "<group>"; };
		409672A028BE3FB9005E1FC9 /* SectionTableViewCell.swift */ = {isa = PBXFileReference; lastKnownFileType = sourcecode.swift; path = SectionTableViewCell.swift; sourceTree = "<group>"; };
		40A5546128C0A881002630A6 /* HeaderView.swift */ = {isa = PBXFileReference; lastKnownFileType = sourcecode.swift; path = HeaderView.swift; sourceTree = "<group>"; };
		40A5546328C23989002630A6 /* NetworkService.swift */ = {isa = PBXFileReference; lastKnownFileType = sourcecode.swift; path = NetworkService.swift; sourceTree = "<group>"; };
		40B3635F28C373AB00C42551 /* Movie.swift */ = {isa = PBXFileReference; lastKnownFileType = sourcecode.swift; path = Movie.swift; sourceTree = "<group>"; };
/* End PBXFileReference section */

/* Begin PBXFrameworksBuildPhase section */
		40818F8528BE01A400328750 /* Frameworks */ = {
			isa = PBXFrameworksBuildPhase;
			buildActionMask = 2147483647;
			files = (
				40CF856528C65A3A000FE362 /* SDWebImage in Frameworks */,
				40CF856728C65A3A000FE362 /* SDWebImageMapKit in Frameworks */,
				4096729828BE3BE7005E1FC9 /* SnapKit in Frameworks */,
			);
			runOnlyForDeploymentPostprocessing = 0;
		};
/* End PBXFrameworksBuildPhase section */

/* Begin PBXGroup section */
		40019F0A28C9EFC300EE6A9B /* UpcomingVC */ = {
			isa = PBXGroup;
			children = (
				4096729028BE378D005E1FC9 /* UpcomingVC.swift */,
				40019F0628C9E77C00EE6A9B /* UpcomingVCViewModel.swift */,
			);
			path = UpcomingVC;
			sourceTree = "<group>";
		};
		40019F0B28CB51FB00EE6A9B /* SearchVC */ = {
			isa = PBXGroup;
			children = (
				4096729228BE3799005E1FC9 /* SearchVC.swift */,
				40019F0C28CB520B00EE6A9B /* SearchVCViewModel.swift */,
			);
			path = SearchVC;
			sourceTree = "<group>";
		};
		40019F1228CF30A200EE6A9B /* SearchResultsViewController */ = {
			isa = PBXGroup;
			children = (
				40019F0E28CF2A4A00EE6A9B /* SearchResultsViewController.swift */,
				40019F1028CF309300EE6A9B /* SearchResultsViewModel.swift */,
			);
			path = SearchResultsViewController;
			sourceTree = "<group>";
		};
		4003A85728C72B8C00A96929 /* HomeVC */ = {
			isa = PBXGroup;
			children = (
				4096728E28BE377D005E1FC9 /* HomeVC.swift */,
				4003A85528C72AB400A96929 /* HomeVCViewModel.swift */,
				40019F0828C9EFB400EE6A9B /* MovieListTableViewCell.swift */,
			);
			path = HomeVC;
			sourceTree = "<group>";
		};
		40818F7F28BE01A400328750 = {
			isa = PBXGroup;
			children = (
				40818F8A28BE01A400328750 /* NetflixClone */,
				40818F8928BE01A400328750 /* Products */,
			);
			sourceTree = "<group>";
		};
		40818F8928BE01A400328750 /* Products */ = {
			isa = PBXGroup;
			children = (
				40818F8828BE01A400328750 /* NetflixClone.app */,
			);
			name = Products;
			sourceTree = "<group>";
		};
		40818F8A28BE01A400328750 /* NetflixClone */ = {
			isa = PBXGroup;
			children = (
				40A5546528C23991002630A6 /* Managers */,
				4096729928BE3C27005E1FC9 /* Application */,
				4096729A28BE3C36005E1FC9 /* Modules */,
				4096729B28BE3C47005E1FC9 /* Assets */,
				4096729C28BE3C5E005E1FC9 /* SupportFiles */,
			);
			path = NetflixClone;
			sourceTree = "<group>";
		};
		408A994828C49BCF00335713 /* Helpers */ = {
			isa = PBXGroup;
			children = (
				408A994928C49BF400335713 /* String+CapitalizeFirstLetter.swift */,
			);
			path = Helpers;
			sourceTree = "<group>";
		};
		4096728D28BE3767005E1FC9 /* Controllers */ = {
			isa = PBXGroup;
			children = (
				4096729E28BE3F23005E1FC9 /* Views */,
				4003A85728C72B8C00A96929 /* HomeVC */,
				40019F0A28C9EFC300EE6A9B /* UpcomingVC */,
				40019F0B28CB51FB00EE6A9B /* SearchVC */,
				4096729428BE37A7005E1FC9 /* DownloadsVC.swift */,
			);
			path = Controllers;
			sourceTree = "<group>";
		};
		4096729928BE3C27005E1FC9 /* Application */ = {
			isa = PBXGroup;
			children = (
				40818F8B28BE01A400328750 /* AppDelegate.swift */,
				40818F8D28BE01A400328750 /* SceneDelegate.swift */,
			);
			path = Application;
			sourceTree = "<group>";
		};
		4096729A28BE3C36005E1FC9 /* Modules */ = {
			isa = PBXGroup;
			children = (
				408A994828C49BCF00335713 /* Helpers */,
				4096729D28BE3F1A005E1FC9 /* Models */,
				4096729F28BE3F33005E1FC9 /* ViewModels */,
				4096728D28BE3767005E1FC9 /* Controllers */,
				40818F8F28BE01A400328750 /* MainTabBarVC.swift */,
				40019F1228CF30A200EE6A9B /* SearchResultsViewController */,
			);
			path = Modules;
			sourceTree = "<group>";
		};
		4096729B28BE3C47005E1FC9 /* Assets */ = {
			isa = PBXGroup;
			children = (
				40818F9728BE01A600328750 /* Assets.xcassets */,
				40818F9928BE01A600328750 /* LaunchScreen.storyboard */,
			);
			path = Assets;
			sourceTree = "<group>";
		};
		4096729C28BE3C5E005E1FC9 /* SupportFiles */ = {
			isa = PBXGroup;
			children = (
				40818F9428BE01A400328750 /* NetflixClone.xcdatamodeld */,
				40818F9C28BE01A600328750 /* Info.plist */,
			);
			name = SupportFiles;
			sourceTree = "<group>";
		};
		4096729D28BE3F1A005E1FC9 /* Models */ = {
			isa = PBXGroup;
			children = (
				40B3635F28C373AB00C42551 /* Movie.swift */,
			);
			path = Models;
			sourceTree = "<group>";
		};
		4096729E28BE3F23005E1FC9 /* Views */ = {
			isa = PBXGroup;
			children = (
				409672A028BE3FB9005E1FC9 /* SectionTableViewCell.swift */,
				408A994B28C6582F00335713 /* MovieCollectionViewCell.swift */,
				40A5546128C0A881002630A6 /* HeaderView.swift */,
			);
			path = Views;
			sourceTree = "<group>";
		};
		4096729F28BE3F33005E1FC9 /* ViewModels */ = {
			isa = PBXGroup;
			children = (
			);
			path = ViewModels;
			sourceTree = "<group>";
		};
		40A5546528C23991002630A6 /* Managers */ = {
			isa = PBXGroup;
			children = (
				40A5546328C23989002630A6 /* NetworkService.swift */,
			);
			path = Managers;
			sourceTree = "<group>";
		};
/* End PBXGroup section */

/* Begin PBXNativeTarget section */
		40818F8728BE01A400328750 /* NetflixClone */ = {
			isa = PBXNativeTarget;
			buildConfigurationList = 40818F9F28BE01A600328750 /* Build configuration list for PBXNativeTarget "NetflixClone" */;
			buildPhases = (
				40818F8428BE01A400328750 /* Sources */,
				40818F8528BE01A400328750 /* Frameworks */,
				40818F8628BE01A400328750 /* Resources */,
			);
			buildRules = (
			);
			dependencies = (
			);
			name = NetflixClone;
			packageProductDependencies = (
				4096729728BE3BE7005E1FC9 /* SnapKit */,
				40CF856428C65A3A000FE362 /* SDWebImage */,
				40CF856628C65A3A000FE362 /* SDWebImageMapKit */,
			);
			productName = NetflixClone;
			productReference = 40818F8828BE01A400328750 /* NetflixClone.app */;
			productType = "com.apple.product-type.application";
		};
/* End PBXNativeTarget section */

/* Begin PBXProject section */
		40818F8028BE01A400328750 /* Project object */ = {
			isa = PBXProject;
			attributes = {
				BuildIndependentTargetsInParallel = 1;
				LastSwiftUpdateCheck = 1340;
				LastUpgradeCheck = 1340;
				TargetAttributes = {
					40818F8728BE01A400328750 = {
						CreatedOnToolsVersion = 13.4.1;
					};
				};
			};
			buildConfigurationList = 40818F8328BE01A400328750 /* Build configuration list for PBXProject "NetflixClone" */;
			compatibilityVersion = "Xcode 13.0";
			developmentRegion = en;
			hasScannedForEncodings = 0;
			knownRegions = (
				en,
				Base,
			);
			mainGroup = 40818F7F28BE01A400328750;
			packageReferences = (
				4096729628BE3BE7005E1FC9 /* XCRemoteSwiftPackageReference "SnapKit" */,
				40CF856328C65A3A000FE362 /* XCRemoteSwiftPackageReference "SDWebImage" */,
			);
			productRefGroup = 40818F8928BE01A400328750 /* Products */;
			projectDirPath = "";
			projectRoot = "";
			targets = (
				40818F8728BE01A400328750 /* NetflixClone */,
			);
		};
/* End PBXProject section */

/* Begin PBXResourcesBuildPhase section */
		40818F8628BE01A400328750 /* Resources */ = {
			isa = PBXResourcesBuildPhase;
			buildActionMask = 2147483647;
			files = (
				40818F9B28BE01A600328750 /* LaunchScreen.storyboard in Resources */,
				40818F9828BE01A600328750 /* Assets.xcassets in Resources */,
			);
			runOnlyForDeploymentPostprocessing = 0;
		};
/* End PBXResourcesBuildPhase section */

/* Begin PBXSourcesBuildPhase section */
		40818F8428BE01A400328750 /* Sources */ = {
			isa = PBXSourcesBuildPhase;
			buildActionMask = 2147483647;
			files = (
				4096729528BE37A7005E1FC9 /* DownloadsVC.swift in Sources */,
				40818F9628BE01A400328750 /* NetflixClone.xcdatamodeld in Sources */,
				408A994A28C49BF400335713 /* String+CapitalizeFirstLetter.swift in Sources */,
				40B3636028C373AB00C42551 /* Movie.swift in Sources */,
				40019F0928C9EFB400EE6A9B /* MovieListTableViewCell.swift in Sources */,
				40019F0D28CB520B00EE6A9B /* SearchVCViewModel.swift in Sources */,
				4096728F28BE377D005E1FC9 /* HomeVC.swift in Sources */,
				40818F9028BE01A400328750 /* MainTabBarVC.swift in Sources */,
				40818F8C28BE01A400328750 /* AppDelegate.swift in Sources */,
				40A5546228C0A881002630A6 /* HeaderView.swift in Sources */,
				4096729128BE378D005E1FC9 /* UpcomingVC.swift in Sources */,
				40818F8E28BE01A400328750 /* SceneDelegate.swift in Sources */,
				40019F0F28CF2A4A00EE6A9B /* SearchResultsViewController.swift in Sources */,
				40A5546428C23989002630A6 /* NetworkService.swift in Sources */,
				40019F0728C9E77C00EE6A9B /* UpcomingVCViewModel.swift in Sources */,
				408A994C28C6582F00335713 /* MovieCollectionViewCell.swift in Sources */,
				4003A85628C72AB400A96929 /* HomeVCViewModel.swift in Sources */,
				409672A128BE3FB9005E1FC9 /* SectionTableViewCell.swift in Sources */,
				4096729328BE3799005E1FC9 /* SearchVC.swift in Sources */,
				40019F1128CF309300EE6A9B /* SearchResultsViewModel.swift in Sources */,
			);
			runOnlyForDeploymentPostprocessing = 0;
		};
/* End PBXSourcesBuildPhase section */

/* Begin PBXVariantGroup section */
		40818F9928BE01A600328750 /* LaunchScreen.storyboard */ = {
			isa = PBXVariantGroup;
			children = (
				40818F9A28BE01A600328750 /* Base */,
			);
			name = LaunchScreen.storyboard;
			sourceTree = "<group>";
		};
/* End PBXVariantGroup section */

/* Begin XCBuildConfiguration section */
		40818F9D28BE01A600328750 /* Debug */ = {
			isa = XCBuildConfiguration;
			buildSettings = {
				ALWAYS_SEARCH_USER_PATHS = NO;
				CLANG_ANALYZER_NONNULL = YES;
				CLANG_ANALYZER_NUMBER_OBJECT_CONVERSION = YES_AGGRESSIVE;
				CLANG_CXX_LANGUAGE_STANDARD = "gnu++17";
				CLANG_ENABLE_MODULES = YES;
				CLANG_ENABLE_OBJC_ARC = YES;
				CLANG_ENABLE_OBJC_WEAK = YES;
				CLANG_WARN_BLOCK_CAPTURE_AUTORELEASING = YES;
				CLANG_WARN_BOOL_CONVERSION = YES;
				CLANG_WARN_COMMA = YES;
				CLANG_WARN_CONSTANT_CONVERSION = YES;
				CLANG_WARN_DEPRECATED_OBJC_IMPLEMENTATIONS = YES;
				CLANG_WARN_DIRECT_OBJC_ISA_USAGE = YES_ERROR;
				CLANG_WARN_DOCUMENTATION_COMMENTS = YES;
				CLANG_WARN_EMPTY_BODY = YES;
				CLANG_WARN_ENUM_CONVERSION = YES;
				CLANG_WARN_INFINITE_RECURSION = YES;
				CLANG_WARN_INT_CONVERSION = YES;
				CLANG_WARN_NON_LITERAL_NULL_CONVERSION = YES;
				CLANG_WARN_OBJC_IMPLICIT_RETAIN_SELF = YES;
				CLANG_WARN_OBJC_LITERAL_CONVERSION = YES;
				CLANG_WARN_OBJC_ROOT_CLASS = YES_ERROR;
				CLANG_WARN_QUOTED_INCLUDE_IN_FRAMEWORK_HEADER = YES;
				CLANG_WARN_RANGE_LOOP_ANALYSIS = YES;
				CLANG_WARN_STRICT_PROTOTYPES = YES;
				CLANG_WARN_SUSPICIOUS_MOVE = YES;
				CLANG_WARN_UNGUARDED_AVAILABILITY = YES_AGGRESSIVE;
				CLANG_WARN_UNREACHABLE_CODE = YES;
				CLANG_WARN__DUPLICATE_METHOD_MATCH = YES;
				COPY_PHASE_STRIP = NO;
				DEBUG_INFORMATION_FORMAT = dwarf;
				ENABLE_STRICT_OBJC_MSGSEND = YES;
				ENABLE_TESTABILITY = YES;
				GCC_C_LANGUAGE_STANDARD = gnu11;
				GCC_DYNAMIC_NO_PIC = NO;
				GCC_NO_COMMON_BLOCKS = YES;
				GCC_OPTIMIZATION_LEVEL = 0;
				GCC_PREPROCESSOR_DEFINITIONS = (
					"DEBUG=1",
					"$(inherited)",
				);
				GCC_WARN_64_TO_32_BIT_CONVERSION = YES;
				GCC_WARN_ABOUT_RETURN_TYPE = YES_ERROR;
				GCC_WARN_UNDECLARED_SELECTOR = YES;
				GCC_WARN_UNINITIALIZED_AUTOS = YES_AGGRESSIVE;
				GCC_WARN_UNUSED_FUNCTION = YES;
				GCC_WARN_UNUSED_VARIABLE = YES;
				IPHONEOS_DEPLOYMENT_TARGET = 15.5;
				MTL_ENABLE_DEBUG_INFO = INCLUDE_SOURCE;
				MTL_FAST_MATH = YES;
				ONLY_ACTIVE_ARCH = YES;
				SDKROOT = iphoneos;
				SWIFT_ACTIVE_COMPILATION_CONDITIONS = DEBUG;
				SWIFT_OPTIMIZATION_LEVEL = "-Onone";
			};
			name = Debug;
		};
		40818F9E28BE01A600328750 /* Release */ = {
			isa = XCBuildConfiguration;
			buildSettings = {
				ALWAYS_SEARCH_USER_PATHS = NO;
				CLANG_ANALYZER_NONNULL = YES;
				CLANG_ANALYZER_NUMBER_OBJECT_CONVERSION = YES_AGGRESSIVE;
				CLANG_CXX_LANGUAGE_STANDARD = "gnu++17";
				CLANG_ENABLE_MODULES = YES;
				CLANG_ENABLE_OBJC_ARC = YES;
				CLANG_ENABLE_OBJC_WEAK = YES;
				CLANG_WARN_BLOCK_CAPTURE_AUTORELEASING = YES;
				CLANG_WARN_BOOL_CONVERSION = YES;
				CLANG_WARN_COMMA = YES;
				CLANG_WARN_CONSTANT_CONVERSION = YES;
				CLANG_WARN_DEPRECATED_OBJC_IMPLEMENTATIONS = YES;
				CLANG_WARN_DIRECT_OBJC_ISA_USAGE = YES_ERROR;
				CLANG_WARN_DOCUMENTATION_COMMENTS = YES;
				CLANG_WARN_EMPTY_BODY = YES;
				CLANG_WARN_ENUM_CONVERSION = YES;
				CLANG_WARN_INFINITE_RECURSION = YES;
				CLANG_WARN_INT_CONVERSION = YES;
				CLANG_WARN_NON_LITERAL_NULL_CONVERSION = YES;
				CLANG_WARN_OBJC_IMPLICIT_RETAIN_SELF = YES;
				CLANG_WARN_OBJC_LITERAL_CONVERSION = YES;
				CLANG_WARN_OBJC_ROOT_CLASS = YES_ERROR;
				CLANG_WARN_QUOTED_INCLUDE_IN_FRAMEWORK_HEADER = YES;
				CLANG_WARN_RANGE_LOOP_ANALYSIS = YES;
				CLANG_WARN_STRICT_PROTOTYPES = YES;
				CLANG_WARN_SUSPICIOUS_MOVE = YES;
				CLANG_WARN_UNGUARDED_AVAILABILITY = YES_AGGRESSIVE;
				CLANG_WARN_UNREACHABLE_CODE = YES;
				CLANG_WARN__DUPLICATE_METHOD_MATCH = YES;
				COPY_PHASE_STRIP = NO;
				DEBUG_INFORMATION_FORMAT = "dwarf-with-dsym";
				ENABLE_NS_ASSERTIONS = NO;
				ENABLE_STRICT_OBJC_MSGSEND = YES;
				GCC_C_LANGUAGE_STANDARD = gnu11;
				GCC_NO_COMMON_BLOCKS = YES;
				GCC_WARN_64_TO_32_BIT_CONVERSION = YES;
				GCC_WARN_ABOUT_RETURN_TYPE = YES_ERROR;
				GCC_WARN_UNDECLARED_SELECTOR = YES;
				GCC_WARN_UNINITIALIZED_AUTOS = YES_AGGRESSIVE;
				GCC_WARN_UNUSED_FUNCTION = YES;
				GCC_WARN_UNUSED_VARIABLE = YES;
				IPHONEOS_DEPLOYMENT_TARGET = 15.5;
				MTL_ENABLE_DEBUG_INFO = NO;
				MTL_FAST_MATH = YES;
				SDKROOT = iphoneos;
				SWIFT_COMPILATION_MODE = wholemodule;
				SWIFT_OPTIMIZATION_LEVEL = "-O";
				VALIDATE_PRODUCT = YES;
			};
			name = Release;
		};
		40818FA028BE01A600328750 /* Debug */ = {
			isa = XCBuildConfiguration;
			buildSettings = {
				ASSETCATALOG_COMPILER_APPICON_NAME = AppIcon;
				ASSETCATALOG_COMPILER_GLOBAL_ACCENT_COLOR_NAME = AccentColor;
				CODE_SIGN_STYLE = Automatic;
				CURRENT_PROJECT_VERSION = 1;
				DEVELOPMENT_TEAM = CK7G8B5AC6;
				GENERATE_INFOPLIST_FILE = YES;
				INFOPLIST_FILE = NetflixClone/Info.plist;
				INFOPLIST_KEY_UIApplicationSupportsIndirectInputEvents = YES;
				INFOPLIST_KEY_UILaunchStoryboardName = LaunchScreen;
				INFOPLIST_KEY_UISupportedInterfaceOrientations_iPad = "UIInterfaceOrientationPortrait UIInterfaceOrientationPortraitUpsideDown UIInterfaceOrientationLandscapeLeft UIInterfaceOrientationLandscapeRight";
				INFOPLIST_KEY_UISupportedInterfaceOrientations_iPhone = "UIInterfaceOrientationPortrait UIInterfaceOrientationLandscapeLeft UIInterfaceOrientationLandscapeRight";
				LD_RUNPATH_SEARCH_PATHS = (
					"$(inherited)",
					"@executable_path/Frameworks",
				);
				MARKETING_VERSION = 1.0;
				PRODUCT_BUNDLE_IDENTIFIER = d.o.kononov.NetflixClone;
				PRODUCT_NAME = "$(TARGET_NAME)";
				SWIFT_EMIT_LOC_STRINGS = YES;
				SWIFT_VERSION = 5.0;
				TARGETED_DEVICE_FAMILY = "1,2";
			};
			name = Debug;
		};
		40818FA128BE01A600328750 /* Release */ = {
			isa = XCBuildConfiguration;
			buildSettings = {
				ASSETCATALOG_COMPILER_APPICON_NAME = AppIcon;
				ASSETCATALOG_COMPILER_GLOBAL_ACCENT_COLOR_NAME = AccentColor;
				CODE_SIGN_STYLE = Automatic;
				CURRENT_PROJECT_VERSION = 1;
				DEVELOPMENT_TEAM = CK7G8B5AC6;
				GENERATE_INFOPLIST_FILE = YES;
				INFOPLIST_FILE = NetflixClone/Info.plist;
				INFOPLIST_KEY_UIApplicationSupportsIndirectInputEvents = YES;
				INFOPLIST_KEY_UILaunchStoryboardName = LaunchScreen;
				INFOPLIST_KEY_UISupportedInterfaceOrientations_iPad = "UIInterfaceOrientationPortrait UIInterfaceOrientationPortraitUpsideDown UIInterfaceOrientationLandscapeLeft UIInterfaceOrientationLandscapeRight";
				INFOPLIST_KEY_UISupportedInterfaceOrientations_iPhone = "UIInterfaceOrientationPortrait UIInterfaceOrientationLandscapeLeft UIInterfaceOrientationLandscapeRight";
				LD_RUNPATH_SEARCH_PATHS = (
					"$(inherited)",
					"@executable_path/Frameworks",
				);
				MARKETING_VERSION = 1.0;
				PRODUCT_BUNDLE_IDENTIFIER = d.o.kononov.NetflixClone;
				PRODUCT_NAME = "$(TARGET_NAME)";
				SWIFT_EMIT_LOC_STRINGS = YES;
				SWIFT_VERSION = 5.0;
				TARGETED_DEVICE_FAMILY = "1,2";
			};
			name = Release;
		};
/* End XCBuildConfiguration section */

/* Begin XCConfigurationList section */
		40818F8328BE01A400328750 /* Build configuration list for PBXProject "NetflixClone" */ = {
			isa = XCConfigurationList;
			buildConfigurations = (
				40818F9D28BE01A600328750 /* Debug */,
				40818F9E28BE01A600328750 /* Release */,
			);
			defaultConfigurationIsVisible = 0;
			defaultConfigurationName = Release;
		};
		40818F9F28BE01A600328750 /* Build configuration list for PBXNativeTarget "NetflixClone" */ = {
			isa = XCConfigurationList;
			buildConfigurations = (
				40818FA028BE01A600328750 /* Debug */,
				40818FA128BE01A600328750 /* Release */,
			);
			defaultConfigurationIsVisible = 0;
			defaultConfigurationName = Release;
		};
/* End XCConfigurationList section */

/* Begin XCRemoteSwiftPackageReference section */
		4096729628BE3BE7005E1FC9 /* XCRemoteSwiftPackageReference "SnapKit" */ = {
			isa = XCRemoteSwiftPackageReference;
			repositoryURL = "https://github.com/SnapKit/SnapKit.git";
			requirement = {
				branch = develop;
				kind = branch;
			};
		};
		40CF856328C65A3A000FE362 /* XCRemoteSwiftPackageReference "SDWebImage" */ = {
			isa = XCRemoteSwiftPackageReference;
			repositoryURL = "https://github.com/SDWebImage/SDWebImage.git";
			requirement = {
				kind = upToNextMajorVersion;
				minimumVersion = 5.0.0;
			};
		};
/* End XCRemoteSwiftPackageReference section */

/* Begin XCSwiftPackageProductDependency section */
		4096729728BE3BE7005E1FC9 /* SnapKit */ = {
			isa = XCSwiftPackageProductDependency;
			package = 4096729628BE3BE7005E1FC9 /* XCRemoteSwiftPackageReference "SnapKit" */;
			productName = SnapKit;
		};
		40CF856428C65A3A000FE362 /* SDWebImage */ = {
			isa = XCSwiftPackageProductDependency;
			package = 40CF856328C65A3A000FE362 /* XCRemoteSwiftPackageReference "SDWebImage" */;
			productName = SDWebImage;
		};
		40CF856628C65A3A000FE362 /* SDWebImageMapKit */ = {
			isa = XCSwiftPackageProductDependency;
			package = 40CF856328C65A3A000FE362 /* XCRemoteSwiftPackageReference "SDWebImage" */;
			productName = SDWebImageMapKit;
		};
/* End XCSwiftPackageProductDependency section */

/* Begin XCVersionGroup section */
		40818F9428BE01A400328750 /* NetflixClone.xcdatamodeld */ = {
			isa = XCVersionGroup;
			children = (
				40818F9528BE01A400328750 /* NetflixClone.xcdatamodel */,
			);
			currentVersion = 40818F9528BE01A400328750 /* NetflixClone.xcdatamodel */;
			path = NetflixClone.xcdatamodeld;
			sourceTree = "<group>";
			versionGroupType = wrapper.xcdatamodel;
		};
/* End XCVersionGroup section */
	};
	rootObject = 40818F8028BE01A400328750 /* Project object */;
}
